
Microsoft Visual Studio Solution File, Format Version 12.00
# Visual Studio Version 17
VisualStudioVersion = 17.8.34525.116
MinimumVisualStudioVersion = 10.0.40219.1
Project("{FAE04EC0-301F-11D3-BF4B-00C04F79EFBC}") = "NP_HW_23_08", "NP_HW_23_08.csproj", "{DE49EFB5-BB25-4EFE-B9E2-D588C9F0C4F0}"
EndProject
Project("{FAE04EC0-301F-11D3-BF4B-00C04F79EFBC}") = "TCP_Client", "..\TCP_Client\TCP_Client.csproj", "{AF03A60A-CE41-4747-A84B-5067639D5C5B}"
EndProject
Global
	GlobalSection(SolutionConfigurationPlatforms) = preSolution
		Debug|Any CPU = Debug|Any CPU
		Release|Any CPU = Release|Any CPU
	EndGlobalSection
	GlobalSection(ProjectConfigurationPlatforms) = postSolution
		{DE49EFB5-BB25-4EFE-B9E2-D588C9F0C4F0}.Debug|Any CPU.ActiveCfg = Debug|Any CPU
		{DE49EFB5-BB25-4EFE-B9E2-D588C9F0C4F0}.Debug|Any CPU.Build.0 = Debug|Any CPU
		{DE49EFB5-BB25-4EFE-B9E2-D588C9F0C4F0}.Release|Any CPU.ActiveCfg = Release|Any CPU
		{DE49EFB5-BB25-4EFE-B9E2-D588C9F0C4F0}.Release|Any CPU.Build.0 = Release|Any CPU
		{AF03A60A-CE41-4747-A84B-5067639D5C5B}.Debug|Any CPU.ActiveCfg = Debug|Any CPU
		{AF03A60A-CE41-4747-A84B-5067639D5C5B}.Debug|Any CPU.Build.0 = Debug|Any CPU
		{AF03A60A-CE41-4747-A84B-5067639D5C5B}.Release|Any CPU.ActiveCfg = Release|Any CPU
		{AF03A60A-CE41-4747-A84B-5067639D5C5B}.Release|Any CPU.Build.0 = Release|Any CPU
	EndGlobalSection
	GlobalSection(SolutionProperties) = preSolution
		HideSolutionNode = FALSE
	EndGlobalSection
	GlobalSection(ExtensibilityGlobals) = postSolution
		SolutionGuid = {9C3CCB06-0E3A-4813-97AB-CCE102ACEC78}
	EndGlobalSection
EndGlobal
